// !$*UTF8*$!
{
	archiveVersion = 1;
	classes = {
	};
	objectVersion = 46;
	objects = {

/* Begin PBXBuildFile section */
		2061D4951BD93A5300FD90A3 /* AppDelegate.swift in Sources */ = {isa = PBXBuildFile; fileRef = 2061D4941BD93A5300FD90A3 /* AppDelegate.swift */; };
		2061D4971BD93A5400FD90A3 /* ViewController.swift in Sources */ = {isa = PBXBuildFile; fileRef = 2061D4961BD93A5400FD90A3 /* ViewController.swift */; };
		2061D49A1BD93A5400FD90A3 /* Main.storyboard in Resources */ = {isa = PBXBuildFile; fileRef = 2061D4981BD93A5400FD90A3 /* Main.storyboard */; };
		2061D49C1BD93A5400FD90A3 /* Assets.xcassets in Resources */ = {isa = PBXBuildFile; fileRef = 2061D49B1BD93A5400FD90A3 /* Assets.xcassets */; };
		2061D49F1BD93A5400FD90A3 /* LaunchScreen.storyboard in Resources */ = {isa = PBXBuildFile; fileRef = 2061D49D1BD93A5400FD90A3 /* LaunchScreen.storyboard */; };
		2061D4AA1BD93A5500FD90A3 /* simple_calcTests.swift in Sources */ = {isa = PBXBuildFile; fileRef = 2061D4A91BD93A5500FD90A3 /* simple_calcTests.swift */; };
		2061D4B51BD93A5600FD90A3 /* simple_calcUITests.swift in Sources */ = {isa = PBXBuildFile; fileRef = 2061D4B41BD93A5600FD90A3 /* simple_calcUITests.swift */; };
/* End PBXBuildFile section */

/* Begin PBXContainerItemProxy section */
		2061D4A61BD93A5500FD90A3 /* PBXContainerItemProxy */ = {
			isa = PBXContainerItemProxy;
			containerPortal = 2061D4891BD93A5200FD90A3 /* Project object */;
			proxyType = 1;
			remoteGlobalIDString = 2061D4901BD93A5200FD90A3;
			remoteInfo = "simple-calc";
		};
		2061D4B11BD93A5600FD90A3 /* PBXContainerItemProxy */ = {
			isa = PBXContainerItemProxy;
			containerPortal = 2061D4891BD93A5200FD90A3 /* Project object */;
			proxyType = 1;
			remoteGlobalIDString = 2061D4901BD93A5200FD90A3;
			remoteInfo = "simple-calc";
		};
/* End PBXContainerItemProxy section */

/* Begin PBXFileReference section */
		2061D4911BD93A5200FD90A3 /* simple-calc.app */ = {isa = PBXFileReference; explicitFileType = wrapper.application; includeInIndex = 0; path = "simple-calc.app"; sourceTree = BUILT_PRODUCTS_DIR; };
		2061D4941BD93A5300FD90A3 /* AppDelegate.swift */ = {isa = PBXFileReference; lastKnownFileType = sourcecode.swift; path = AppDelegate.swift; sourceTree = "<group>"; };
		2061D4961BD93A5400FD90A3 /* ViewController.swift */ = {isa = PBXFileReference; lastKnownFileType = sourcecode.swift; path = ViewController.swift; sourceTree = "<group>"; };
		2061D4991BD93A5400FD90A3 /* Base */ = {isa = PBXFileReference; lastKnownFileType = file.storyboard; name = Base; path = Base.lproj/Main.storyboard; sourceTree = "<group>"; };
		2061D49B1BD93A5400FD90A3 /* Assets.xcassets */ = {isa = PBXFileReference; lastKnownFileType = folder.assetcatalog; path = Assets.xcassets; sourceTree = "<group>"; };
		2061D49E1BD93A5400FD90A3 /* Base */ = {isa = PBXFileReference; lastKnownFileType = file.storyboard; name = Base; path = Base.lproj/LaunchScreen.storyboard; sourceTree = "<group>"; };
		2061D4A01BD93A5500FD90A3 /* Info.plist */ = {isa = PBXFileReference; lastKnownFileType = text.plist.xml; path = Info.plist; sourceTree = "<group>"; };
		2061D4A51BD93A5500FD90A3 /* simple-calcTests.xctest */ = {isa = PBXFileReference; explicitFileType = wrapper.cfbundle; includeInIndex = 0; path = "simple-calcTests.xctest"; sourceTree = BUILT_PRODUCTS_DIR; };
		2061D4A91BD93A5500FD90A3 /* simple_calcTests.swift */ = {isa = PBXFileReference; lastKnownFileType = sourcecode.swift; path = simple_calcTests.swift; sourceTree = "<group>"; };
		2061D4AB1BD93A5500FD90A3 /* Info.plist */ = {isa = PBXFileReference; lastKnownFileType = text.plist.xml; path = Info.plist; sourceTree = "<group>"; };
		2061D4B01BD93A5600FD90A3 /* simple-calcUITests.xctest */ = {isa = PBXFileReference; explicitFileType = wrapper.cfbundle; includeInIndex = 0; path = "simple-calcUITests.xctest"; sourceTree = BUILT_PRODUCTS_DIR; };
		2061D4B41BD93A5600FD90A3 /* simple_calcUITests.swift */ = {isa = PBXFileReference; lastKnownFileType = sourcecode.swift; path = simple_calcUITests.swift; sourceTree = "<group>"; };
		2061D4B61BD93A5600FD90A3 /* Info.plist */ = {isa = PBXFileReference; lastKnownFileType = text.plist.xml; path = Info.plist; sourceTree = "<group>"; };
/* End PBXFileReference section */

/* Begin PBXFrameworksBuildPhase section */
		2061D48E1BD93A5200FD90A3 /* Frameworks */ = {
			isa = PBXFrameworksBuildPhase;
			buildActionMask = 2147483647;
			files = (
			);
			runOnlyForDeploymentPostprocessing = 0;
		};
		2061D4A21BD93A5500FD90A3 /* Frameworks */ = {
			isa = PBXFrameworksBuildPhase;
			buildActionMask = 2147483647;
			files = (
			);
			runOnlyForDeploymentPostprocessing = 0;
		};
		2061D4AD1BD93A5500FD90A3 /* Frameworks */ = {
			isa = PBXFrameworksBuildPhase;
			buildActionMask = 2147483647;
			files = (
			);
			runOnlyForDeploymentPostprocessing = 0;
		};
/* End PBXFrameworksBuildPhase section */

/* Begin PBXGroup section */
		2061D4881BD93A5200FD90A3 = {
			isa = PBXGroup;
			children = (
				2061D4931BD93A5200FD90A3 /* simple-calc */,
				2061D4A81BD93A5500FD90A3 /* simple-calcTests */,
				2061D4B31BD93A5600FD90A3 /* simple-calcUITests */,
				2061D4921BD93A5200FD90A3 /* Products */,
			);
			sourceTree = "<group>";
		};
		2061D4921BD93A5200FD90A3 /* Products */ = {
			isa = PBXGroup;
			children = (
				2061D4911BD93A5200FD90A3 /* simple-calc.app */,
				2061D4A51BD93A5500FD90A3 /* simple-calcTests.xctest */,
				2061D4B01BD93A5600FD90A3 /* simple-calcUITests.xctest */,
			);
			name = Products;
			sourceTree = "<group>";
		};
		2061D4931BD93A5200FD90A3 /* simple-calc */ = {
			isa = PBXGroup;
			children = (
				2061D4941BD93A5300FD90A3 /* AppDelegate.swift */,
				2061D4961BD93A5400FD90A3 /* ViewController.swift */,
				2061D4981BD93A5400FD90A3 /* Main.storyboard */,
				2061D49B1BD93A5400FD90A3 /* Assets.xcassets */,
				2061D49D1BD93A5400FD90A3 /* LaunchScreen.storyboard */,
				2061D4A01BD93A5500FD90A3 /* Info.plist */,
			);
			path = "simple-calc";
			sourceTree = "<group>";
		};
		2061D4A81BD93A5500FD90A3 /* simple-calcTests */ = {
			isa = PBXGroup;
			children = (
				2061D4A91BD93A5500FD90A3 /* simple_calcTests.swift */,
				2061D4AB1BD93A5500FD90A3 /* Info.plist */,
			);
			path = "simple-calcTests";
			sourceTree = "<group>";
		};
		2061D4B31BD93A5600FD90A3 /* simple-calcUITests */ = {
			isa = PBXGroup;
			children = (
				2061D4B41BD93A5600FD90A3 /* simple_calcUITests.swift */,
				2061D4B61BD93A5600FD90A3 /* Info.plist */,
			);
			path = "simple-calcUITests";
			sourceTree = "<group>";
		};
/* End PBXGroup section */

/* Begin PBXNativeTarget section */
		2061D4901BD93A5200FD90A3 /* simple-calc */ = {
			isa = PBXNativeTarget;
			buildConfigurationList = 2061D4B91BD93A5600FD90A3 /* Build configuration list for PBXNativeTarget "simple-calc" */;
			buildPhases = (
				2061D48D1BD93A5200FD90A3 /* Sources */,
				2061D48E1BD93A5200FD90A3 /* Frameworks */,
				2061D48F1BD93A5200FD90A3 /* Resources */,
			);
			buildRules = (
			);
			dependencies = (
			);
			name = "simple-calc";
			productName = "simple-calc";
			productReference = 2061D4911BD93A5200FD90A3 /* simple-calc.app */;
			productType = "com.apple.product-type.application";
		};
		2061D4A41BD93A5500FD90A3 /* simple-calcTests */ = {
			isa = PBXNativeTarget;
			buildConfigurationList = 2061D4BC1BD93A5600FD90A3 /* Build configuration list for PBXNativeTarget "simple-calcTests" */;
			buildPhases = (
				2061D4A11BD93A5500FD90A3 /* Sources */,
				2061D4A21BD93A5500FD90A3 /* Frameworks */,
				2061D4A31BD93A5500FD90A3 /* Resources */,
			);
			buildRules = (
			);
			dependencies = (
				2061D4A71BD93A5500FD90A3 /* PBXTargetDependency */,
			);
			name = "simple-calcTests";
			productName = "simple-calcTests";
			productReference = 2061D4A51BD93A5500FD90A3 /* simple-calcTests.xctest */;
			productType = "com.apple.product-type.bundle.unit-test";
		};
		2061D4AF1BD93A5500FD90A3 /* simple-calcUITests */ = {
			isa = PBXNativeTarget;
			buildConfigurationList = 2061D4BF1BD93A5600FD90A3 /* Build configuration list for PBXNativeTarget "simple-calcUITests" */;
			buildPhases = (
				2061D4AC1BD93A5500FD90A3 /* Sources */,
				2061D4AD1BD93A5500FD90A3 /* Frameworks */,
				2061D4AE1BD93A5500FD90A3 /* Resources */,
			);
			buildRules = (
			);
			dependencies = (
				2061D4B21BD93A5600FD90A3 /* PBXTargetDependency */,
			);
			name = "simple-calcUITests";
			productName = "simple-calcUITests";
			productReference = 2061D4B01BD93A5600FD90A3 /* simple-calcUITests.xctest */;
			productType = "com.apple.product-type.bundle.ui-testing";
		};
/* End PBXNativeTarget section */

/* Begin PBXProject section */
		2061D4891BD93A5200FD90A3 /* Project object */ = {
			isa = PBXProject;
			attributes = {
				LastUpgradeCheck = 0700;
				ORGANIZATIONNAME = "Morgan Evans";
				TargetAttributes = {
					2061D4901BD93A5200FD90A3 = {
						CreatedOnToolsVersion = 7.0.1;
					};
					2061D4A41BD93A5500FD90A3 = {
						CreatedOnToolsVersion = 7.0.1;
						TestTargetID = 2061D4901BD93A5200FD90A3;
					};
					2061D4AF1BD93A5500FD90A3 = {
						CreatedOnToolsVersion = 7.0.1;
						TestTargetID = 2061D4901BD93A5200FD90A3;
					};
				};
			};
			buildConfigurationList = 2061D48C1BD93A5200FD90A3 /* Build configuration list for PBXProject "simple-calc" */;
			compatibilityVersion = "Xcode 3.2";
			developmentRegion = English;
			hasScannedForEncodings = 0;
			knownRegions = (
				en,
				Base,
			);
			mainGroup = 2061D4881BD93A5200FD90A3;
			productRefGroup = 2061D4921BD93A5200FD90A3 /* Products */;
			projectDirPath = "";
			projectRoot = "";
			targets = (
				2061D4901BD93A5200FD90A3 /* simple-calc */,
				2061D4A41BD93A5500FD90A3 /* simple-calcTests */,
				2061D4AF1BD93A5500FD90A3 /* simple-calcUITests */,
			);
		};
/* End PBXProject section */

/* Begin PBXResourcesBuildPhase section */
		2061D48F1BD93A5200FD90A3 /* Resources */ = {
			isa = PBXResourcesBuildPhase;
			buildActionMask = 2147483647;
			files = (
				2061D49F1BD93A5400FD90A3 /* LaunchScreen.storyboard in Resources */,
				2061D49C1BD93A5400FD90A3 /* Assets.xcassets in Resources */,
				2061D49A1BD93A5400FD90A3 /* Main.storyboard in Resources */,
			);
			runOnlyForDeploymentPostprocessing = 0;
		};
		2061D4A31BD93A5500FD90A3 /* Resources */ = {
			isa = PBXResourcesBuildPhase;
			buildActionMask = 2147483647;
			files = (
			);
			runOnlyForDeploymentPostprocessing = 0;
		};
		2061D4AE1BD93A5500FD90A3 /* Resources */ = {
			isa = PBXResourcesBuildPhase;
			buildActionMask = 2147483647;
			files = (
			);
			runOnlyForDeploymentPostprocessing = 0;
		};
/* End PBXResourcesBuildPhase section */

/* Begin PBXSourcesBuildPhase section */
		2061D48D1BD93A5200FD90A3 /* Sources */ = {
			isa = PBXSourcesBuildPhase;
			buildActionMask = 2147483647;
			files = (
				2061D4971BD93A5400FD90A3 /* ViewController.swift in Sources */,
				2061D4951BD93A5300FD90A3 /* AppDelegate.swift in Sources */,
			);
			runOnlyForDeploymentPostprocessing = 0;
		};
		2061D4A11BD93A5500FD90A3 /* Sources */ = {
			isa = PBXSourcesBuildPhase;
			buildActionMask = 2147483647;
			files = (
				2061D4AA1BD93A5500FD90A3 /* simple_calcTests.swift in Sources */,
			);
			runOnlyForDeploymentPostprocessing = 0;
		};
		2061D4AC1BD93A5500FD90A3 /* Sources */ = {
			isa = PBXSourcesBuildPhase;
			buildActionMask = 2147483647;
			files = (
				2061D4B51BD93A5600FD90A3 /* simple_calcUITests.swift in Sources */,
			);
			runOnlyForDeploymentPostprocessing = 0;
		};
/* End PBXSourcesBuildPhase section */

/* Begin PBXTargetDependency section */
		2061D4A71BD93A5500FD90A3 /* PBXTargetDependency */ = {
			isa = PBXTargetDependency;
			target = 2061D4901BD93A5200FD90A3 /* simple-calc */;
			targetProxy = 2061D4A61BD93A5500FD90A3 /* PBXContainerItemProxy */;
		};
		2061D4B21BD93A5600FD90A3 /* PBXTargetDependency */ = {
			isa = PBXTargetDependency;
			target = 2061D4901BD93A5200FD90A3 /* simple-calc */;
			targetProxy = 2061D4B11BD93A5600FD90A3 /* PBXContainerItemProxy */;
		};
/* End PBXTargetDependency section */

/* Begin PBXVariantGroup section */
		2061D4981BD93A5400FD90A3 /* Main.storyboard */ = {
			isa = PBXVariantGroup;
			children = (
				2061D4991BD93A5400FD90A3 /* Base */,
			);
			name = Main.storyboard;
			sourceTree = "<group>";
		};
		2061D49D1BD93A5400FD90A3 /* LaunchScreen.storyboard */ = {
			isa = PBXVariantGroup;
			children = (
				2061D49E1BD93A5400FD90A3 /* Base */,
			);
			name = LaunchScreen.storyboard;
			sourceTree = "<group>";
		};
/* End PBXVariantGroup section */

/* Begin XCBuildConfiguration section */
		2061D4B71BD93A5600FD90A3 /* Debug */ = {
			isa = XCBuildConfiguration;
			buildSettings = {
				ALWAYS_SEARCH_USER_PATHS = NO;
				CLANG_CXX_LANGUAGE_STANDARD = "gnu++0x";
				CLANG_CXX_LIBRARY = "libc++";
				CLANG_ENABLE_MODULES = YES;
				CLANG_ENABLE_OBJC_ARC = YES;
				CLANG_WARN_BOOL_CONVERSION = YES;
				CLANG_WARN_CONSTANT_CONVERSION = YES;
				CLANG_WARN_DIRECT_OBJC_ISA_USAGE = YES_ERROR;
				CLANG_WARN_EMPTY_BODY = YES;
				CLANG_WARN_ENUM_CONVERSION = YES;
				CLANG_WARN_INT_CONVERSION = YES;
				CLANG_WARN_OBJC_ROOT_CLASS = YES_ERROR;
				CLANG_WARN_UNREACHABLE_CODE = YES;
				CLANG_WARN__DUPLICATE_METHOD_MATCH = YES;
				"CODE_SIGN_IDENTITY[sdk=iphoneos*]" = "iPhone Developer";
				COPY_PHASE_STRIP = NO;
				DEBUG_INFORMATION_FORMAT = dwarf;
				ENABLE_STRICT_OBJC_MSGSEND = YES;
				ENABLE_TESTABILITY = YES;
				GCC_C_LANGUAGE_STANDARD = gnu99;
				GCC_DYNAMIC_NO_PIC = NO;
				GCC_NO_COMMON_BLOCKS = YES;
				GCC_OPTIMIZATION_LEVEL = 0;
				GCC_PREPROCESSOR_DEFINITIONS = (
					"DEBUG=1",
					"$(inherited)",
				);
				GCC_WARN_64_TO_32_BIT_CONVERSION = YES;
				GCC_WARN_ABOUT_RETURN_TYPE = YES_ERROR;
				GCC_WARN_UNDECLARED_SELECTOR = YES;
				GCC_WARN_UNINITIALIZED_AUTOS = YES_AGGRESSIVE;
				GCC_WARN_UNUSED_FUNCTION = YES;
				GCC_WARN_UNUSED_VARIABLE = YES;
				IPHONEOS_DEPLOYMENT_TARGET = 9.0;
				MTL_ENABLE_DEBUG_INFO = YES;
				ONLY_ACTIVE_ARCH = YES;
				SDKROOT = iphoneos;
				SWIFT_OPTIMIZATION_LEVEL = "-Onone";
				TARGETED_DEVICE_FAMILY = "1,2";
			};
			name = Debug;
		};
		2061D4B81BD93A5600FD90A3 /* Release */ = {
			isa = XCBuildConfiguration;
			buildSettings = {
				ALWAYS_SEARCH_USER_PATHS = NO;
				CLANG_CXX_LANGUAGE_STANDARD = "gnu++0x";
				CLANG_CXX_LIBRARY = "libc++";
				CLANG_ENABLE_MODULES = YES;
				CLANG_ENABLE_OBJC_ARC = YES;
				CLANG_WARN_BOOL_CONVERSION = YES;
				CLANG_WARN_CONSTANT_CONVERSION = YES;
				CLANG_WARN_DIRECT_OBJC_ISA_USAGE = YES_ERROR;
				CLANG_WARN_EMPTY_BODY = YES;
				CLANG_WARN_ENUM_CONVERSION = YES;
				CLANG_WARN_INT_CONVERSION = YES;
				CLANG_WARN_OBJC_ROOT_CLASS = YES_ERROR;
				CLANG_WARN_UNREACHABLE_CODE = YES;
				CLANG_WARN__DUPLICATE_METHOD_MATCH = YES;
				"CODE_SIGN_IDENTITY[sdk=iphoneos*]" = "iPhone Developer";
				COPY_PHASE_STRIP = NO;
				DEBUG_INFORMATION_FORMAT = "dwarf-with-dsym";
				ENABLE_NS_ASSERTIONS = NO;
				ENABLE_STRICT_OBJC_MSGSEND = YES;
				GCC_C_LANGUAGE_STANDARD = gnu99;
				GCC_NO_COMMON_BLOCKS = YES;
				GCC_WARN_64_TO_32_BIT_CONVERSION = YES;
				GCC_WARN_ABOUT_RETURN_TYPE = YES_ERROR;
				GCC_WARN_UNDECLARED_SELECTOR = YES;
				GCC_WARN_UNINITIALIZED_AUTOS = YES_AGGRESSIVE;
				GCC_WARN_UNUSED_FUNCTION = YES;
				GCC_WARN_UNUSED_VARIABLE = YES;
				IPHONEOS_DEPLOYMENT_TARGET = 9.0;
				MTL_ENABLE_DEBUG_INFO = NO;
				SDKROOT = iphoneos;
				TARGETED_DEVICE_FAMILY = "1,2";
				VALIDATE_PRODUCT = YES;
			};
			name = Release;
		};
		2061D4BA1BD93A5600FD90A3 /* Debug */ = {
			isa = XCBuildConfiguration;
			buildSettings = {
				ASSETCATALOG_COMPILER_APPICON_NAME = AppIcon;
				INFOPLIST_FILE = "simple-calc/Info.plist";
				LD_RUNPATH_SEARCH_PATHS = "$(inherited) @executable_path/Frameworks";
				PRODUCT_BUNDLE_IDENTIFIER = "edu.uw.mnevans.simple-calc";
				PRODUCT_NAME = "$(TARGET_NAME)";
			};
			name = Debug;
		};
		2061D4BB1BD93A5600FD90A3 /* Release */ = {
			isa = XCBuildConfiguration;
			buildSettings = {
				ASSETCATALOG_COMPILER_APPICON_NAME = AppIcon;
				INFOPLIST_FILE = "simple-calc/Info.plist";
				LD_RUNPATH_SEARCH_PATHS = "$(inherited) @executable_path/Frameworks";
				PRODUCT_BUNDLE_IDENTIFIER = "edu.uw.mnevans.simple-calc";
				PRODUCT_NAME = "$(TARGET_NAME)";
			};
			name = Release;
		};
		2061D4BD1BD93A5600FD90A3 /* Debug */ = {
			isa = XCBuildConfiguration;
			buildSettings = {
				BUNDLE_LOADER = "$(TEST_HOST)";
				INFOPLIST_FILE = "simple-calcTests/Info.plist";
				LD_RUNPATH_SEARCH_PATHS = "$(inherited) @executable_path/Frameworks @loader_path/Frameworks";
				PRODUCT_BUNDLE_IDENTIFIER = "edu.uw.mnevans.simple-calcTests";
				PRODUCT_NAME = "$(TARGET_NAME)";
				TEST_HOST = "$(BUILT_PRODUCTS_DIR)/simple-calc.app/simple-calc";
			};
			name = Debug;
		};
		2061D4BE1BD93A5600FD90A3 /* Release */ = {
			isa = XCBuildConfiguration;
			buildSettings = {
				BUNDLE_LOADER = "$(TEST_HOST)";
				INFOPLIST_FILE = "simple-calcTests/Info.plist";
				LD_RUNPATH_SEARCH_PATHS = "$(inherited) @executable_path/Frameworks @loader_path/Frameworks";
				PRODUCT_BUNDLE_IDENTIFIER = "edu.uw.mnevans.simple-calcTests";
				PRODUCT_NAME = "$(TARGET_NAME)";
				TEST_HOST = "$(BUILT_PRODUCTS_DIR)/simple-calc.app/simple-calc";
			};
			name = Release;
		};
		2061D4C01BD93A5600FD90A3 /* Debug */ = {
			isa = XCBuildConfiguration;
			buildSettings = {
				INFOPLIST_FILE = "simple-calcUITests/Info.plist";
				LD_RUNPATH_SEARCH_PATHS = "$(inherited) @executable_path/Frameworks @loader_path/Frameworks";
				PRODUCT_BUNDLE_IDENTIFIER = "edu.uw.mnevans.simple-calcUITests";
				PRODUCT_NAME = "$(TARGET_NAME)";
				TEST_TARGET_NAME = "simple-calc";
				USES_XCTRUNNER = YES;
			};
			name = Debug;
		};
		2061D4C11BD93A5600FD90A3 /* Release */ = {
			isa = XCBuildConfiguration;
			buildSettings = {
				INFOPLIST_FILE = "simple-calcUITests/Info.plist";
				LD_RUNPATH_SEARCH_PATHS = "$(inherited) @executable_path/Frameworks @loader_path/Frameworks";
				PRODUCT_BUNDLE_IDENTIFIER = "edu.uw.mnevans.simple-calcUITests";
				PRODUCT_NAME = "$(TARGET_NAME)";
				TEST_TARGET_NAME = "simple-calc";
				USES_XCTRUNNER = YES;
			};
			name = Release;
		};
/* End XCBuildConfiguration section */

/* Begin XCConfigurationList section */
		2061D48C1BD93A5200FD90A3 /* Build configuration list for PBXProject "simple-calc" */ = {
			isa = XCConfigurationList;
			buildConfigurations = (
				2061D4B71BD93A5600FD90A3 /* Debug */,
				2061D4B81BD93A5600FD90A3 /* Release */,
			);
			defaultConfigurationIsVisible = 0;
			defaultConfigurationName = Release;
		};
		2061D4B91BD93A5600FD90A3 /* Build configuration list for PBXNativeTarget "simple-calc" */ = {
			isa = XCConfigurationList;
			buildConfigurations = (
				2061D4BA1BD93A5600FD90A3 /* Debug */,
				2061D4BB1BD93A5600FD90A3 /* Release */,
			);
			defaultConfigurationIsVisible = 0;
		};
		2061D4BC1BD93A5600FD90A3 /* Build configuration list for PBXNativeTarget "simple-calcTests" */ = {
			isa = XCConfigurationList;
			buildConfigurations = (
				2061D4BD1BD93A5600FD90A3 /* Debug */,
				2061D4BE1BD93A5600FD90A3 /* Release */,
			);
			defaultConfigurationIsVisible = 0;
		};
		2061D4BF1BD93A5600FD90A3 /* Build configuration list for PBXNativeTarget "simple-calcUITests" */ = {
			isa = XCConfigurationList;
			buildConfigurations = (
				2061D4C01BD93A5600FD90A3 /* Debug */,
				2061D4C11BD93A5600FD90A3 /* Release */,
			);
			defaultConfigurationIsVisible = 0;
		};
/* End XCConfigurationList section */
	};
	rootObject = 2061D4891BD93A5200FD90A3 /* Project object */;
}
